
Microsoft Visual Studio Solution File, Format Version 12.00
# Visual Studio Version 17
VisualStudioVersion = 17.0.31903.59
MinimumVisualStudioVersion = 10.0.40219.1
Project("{2150E333-8FDC-42A3-9474-1A3956D46DE8}") = "Presentation", "Presentation", "{E4DA74F3-0A23-4E4C-B12E-7E8F963433BF}"
EndProject
Project("{2150E333-8FDC-42A3-9474-1A3956D46DE8}") = "Application", "Application", "{808ABAA1-0F00-4272-8261-E47B255B1FC9}"
EndProject
Project("{2150E333-8FDC-42A3-9474-1A3956D46DE8}") = "Domain", "Domain", "{1991E73D-F995-4B58-ADCD-4885BF2538D6}"
EndProject
Project("{2150E333-8FDC-42A3-9474-1A3956D46DE8}") = "Infrastructure", "Infrastructure", "{10B6233E-EA13-4BEC-95D5-9BF33C867F31}"
EndProject
Project("{2150E333-8FDC-42A3-9474-1A3956D46DE8}") = "SharedKernel", "SharedKernel", "{4366C3A0-8099-4FB8-9D96-A94C2CDDBAF8}"
EndProject
Project("{2150E333-8FDC-42A3-9474-1A3956D46DE8}") = "tests", "tests", "{A631778C-A0AF-4DCD-8807-0579B1515A3B}"
EndProject
Project("{FAE04EC0-301F-11D3-BF4B-00C04F79EFBC}") = "AegisIdentity.Api", "src\AegisIdentity.Api\AegisIdentity.Api.csproj", "{E505FB60-593A-4BA5-8875-4BEB23837533}"
EndProject
Project("{FAE04EC0-301F-11D3-BF4B-00C04F79EFBC}") = "AegisIdentity.Domain", "src\AegisIdentity.Domain\AegisIdentity.Domain.csproj", "{B5D51057-514B-4C07-8760-F45693DA4D84}"
EndProject
Project("{FAE04EC0-301F-11D3-BF4B-00C04F79EFBC}") = "AegisIdentity.Infrastructure", "src\AegisIdentity.Infrastructure\AegisIdentity.Infrastructure.csproj", "{5CE6896C-DCEC-49FE-94BC-D64C7D3756BE}"
EndProject
Project("{FAE04EC0-301F-11D3-BF4B-00C04F79EFBC}") = "AegisIdentity.SharedKernel", "src\SharedKernel\AegisIdentity.SharedKernel\AegisIdentity.SharedKernel.csproj", "{51511743-37A4-4E77-AAE5-F66F15AC2D00}"
EndProject
Project("{FAE04EC0-301F-11D3-BF4B-00C04F79EFBC}") = "AegisIdentity.UnitTests", "tests\AegisIdentity.UnitTests\AegisIdentity.UnitTests.csproj", "{BE1B7CDB-8A78-4DDE-A4F2-3B289BBDC215}"
EndProject
Project("{FAE04EC0-301F-11D3-BF4B-00C04F79EFBC}") = "AegisIdentity.IntegrationTests", "tests\AegisIdentity.IntegrationTests\AegisIdentity.IntegrationTests.csproj", "{CEAC69A1-8A7E-4C2D-96C3-E7BB8C8B36B1}"
EndProject
Project("{FAE04EC0-301F-11D3-BF4B-00C04F79EFBC}") = "AegisIdentity.DataAccess", "src\Infrastructure\AegisIdentity.DataAccess\AegisIdentity.DataAccess.csproj", "{FD468E05-40B4-482F-B39B-F14A60066FFB}"
EndProject
Project("{FAE04EC0-301F-11D3-BF4B-00C04F79EFBC}") = "AegisIdentity.Integration", "src\Infrastructure\AegisIdentity.Integration\AegisIdentity.Integration.csproj", "{D73A0955-25DF-4F95-B069-D187C263A496}"
EndProject
Project("{FAE04EC0-301F-11D3-BF4B-00C04F79EFBC}") = "AegisIdentity.CommandHandlers", "src\Application\AegisIdentity.CommandHandlers\AegisIdentity.CommandHandlers.csproj", "{DF9360ED-2212-4BEC-8E76-4FACD8416A62}"
EndProject
Project("{FAE04EC0-301F-11D3-BF4B-00C04F79EFBC}") = "AegisIdentity.ReadModels", "src\Application\AegisIdentity.ReadModels\AegisIdentity.ReadModels.csproj", "{1A559506-ED56-4919-AB6D-C50344161538}"
EndProject
Project("{FAE04EC0-301F-11D3-BF4B-00C04F79EFBC}") = "AegisIdentity.EventHandlers", "src\Application\AegisIdentity.EventHandlers\AegisIdentity.EventHandlers.csproj", "{74019CE6-73A2-4F2D-9D83-51BFF6C7DF5B}"
EndProject
Global
	GlobalSection(SolutionConfigurationPlatforms) = preSolution
		Debug|Any CPU = Debug|Any CPU
		Release|Any CPU = Release|Any CPU
	EndGlobalSection
	GlobalSection(SolutionProperties) = preSolution
		HideSolutionNode = FALSE
	EndGlobalSection
	GlobalSection(ProjectConfigurationPlatforms) = postSolution
		{E505FB60-593A-4BA5-8875-4BEB23837533}.Debug|Any CPU.ActiveCfg = Debug|Any CPU
		{E505FB60-593A-4BA5-8875-4BEB23837533}.Debug|Any CPU.Build.0 = Debug|Any CPU
		{E505FB60-593A-4BA5-8875-4BEB23837533}.Release|Any CPU.ActiveCfg = Release|Any CPU
		{E505FB60-593A-4BA5-8875-4BEB23837533}.Release|Any CPU.Build.0 = Release|Any CPU
		{B5D51057-514B-4C07-8760-F45693DA4D84}.Debug|Any CPU.ActiveCfg = Debug|Any CPU
		{B5D51057-514B-4C07-8760-F45693DA4D84}.Debug|Any CPU.Build.0 = Debug|Any CPU
		{B5D51057-514B-4C07-8760-F45693DA4D84}.Release|Any CPU.ActiveCfg = Release|Any CPU
		{B5D51057-514B-4C07-8760-F45693DA4D84}.Release|Any CPU.Build.0 = Release|Any CPU
		{5CE6896C-DCEC-49FE-94BC-D64C7D3756BE}.Debug|Any CPU.ActiveCfg = Debug|Any CPU
		{5CE6896C-DCEC-49FE-94BC-D64C7D3756BE}.Debug|Any CPU.Build.0 = Debug|Any CPU
		{5CE6896C-DCEC-49FE-94BC-D64C7D3756BE}.Release|Any CPU.ActiveCfg = Release|Any CPU
		{5CE6896C-DCEC-49FE-94BC-D64C7D3756BE}.Release|Any CPU.Build.0 = Release|Any CPU
		{51511743-37A4-4E77-AAE5-F66F15AC2D00}.Debug|Any CPU.ActiveCfg = Debug|Any CPU
		{51511743-37A4-4E77-AAE5-F66F15AC2D00}.Debug|Any CPU.Build.0 = Debug|Any CPU
		{51511743-37A4-4E77-AAE5-F66F15AC2D00}.Release|Any CPU.ActiveCfg = Release|Any CPU
		{51511743-37A4-4E77-AAE5-F66F15AC2D00}.Release|Any CPU.Build.0 = Release|Any CPU
		{BE1B7CDB-8A78-4DDE-A4F2-3B289BBDC215}.Debug|Any CPU.ActiveCfg = Debug|Any CPU
		{BE1B7CDB-8A78-4DDE-A4F2-3B289BBDC215}.Debug|Any CPU.Build.0 = Debug|Any CPU
		{BE1B7CDB-8A78-4DDE-A4F2-3B289BBDC215}.Release|Any CPU.ActiveCfg = Release|Any CPU
		{BE1B7CDB-8A78-4DDE-A4F2-3B289BBDC215}.Release|Any CPU.Build.0 = Release|Any CPU
		{CEAC69A1-8A7E-4C2D-96C3-E7BB8C8B36B1}.Debug|Any CPU.ActiveCfg = Debug|Any CPU
		{CEAC69A1-8A7E-4C2D-96C3-E7BB8C8B36B1}.Debug|Any CPU.Build.0 = Debug|Any CPU
		{CEAC69A1-8A7E-4C2D-96C3-E7BB8C8B36B1}.Release|Any CPU.ActiveCfg = Release|Any CPU
		{CEAC69A1-8A7E-4C2D-96C3-E7BB8C8B36B1}.Release|Any CPU.Build.0 = Release|Any CPU
		{FD468E05-40B4-482F-B39B-F14A60066FFB}.Debug|Any CPU.ActiveCfg = Debug|Any CPU
		{FD468E05-40B4-482F-B39B-F14A60066FFB}.Debug|Any CPU.Build.0 = Debug|Any CPU
		{FD468E05-40B4-482F-B39B-F14A60066FFB}.Release|Any CPU.ActiveCfg = Release|Any CPU
		{FD468E05-40B4-482F-B39B-F14A60066FFB}.Release|Any CPU.Build.0 = Release|Any CPU
		{D73A0955-25DF-4F95-B069-D187C263A496}.Debug|Any CPU.ActiveCfg = Debug|Any CPU
		{D73A0955-25DF-4F95-B069-D187C263A496}.Debug|Any CPU.Build.0 = Debug|Any CPU
		{D73A0955-25DF-4F95-B069-D187C263A496}.Release|Any CPU.ActiveCfg = Release|Any CPU
		{D73A0955-25DF-4F95-B069-D187C263A496}.Release|Any CPU.Build.0 = Release|Any CPU
		{DF9360ED-2212-4BEC-8E76-4FACD8416A62}.Debug|Any CPU.ActiveCfg = Debug|Any CPU
		{DF9360ED-2212-4BEC-8E76-4FACD8416A62}.Debug|Any CPU.Build.0 = Debug|Any CPU
		{DF9360ED-2212-4BEC-8E76-4FACD8416A62}.Release|Any CPU.ActiveCfg = Release|Any CPU
		{DF9360ED-2212-4BEC-8E76-4FACD8416A62}.Release|Any CPU.Build.0 = Release|Any CPU
		{1A559506-ED56-4919-AB6D-C50344161538}.Debug|Any CPU.ActiveCfg = Debug|Any CPU
		{1A559506-ED56-4919-AB6D-C50344161538}.Debug|Any CPU.Build.0 = Debug|Any CPU
		{1A559506-ED56-4919-AB6D-C50344161538}.Release|Any CPU.ActiveCfg = Release|Any CPU
		{1A559506-ED56-4919-AB6D-C50344161538}.Release|Any CPU.Build.0 = Release|Any CPU
		{74019CE6-73A2-4F2D-9D83-51BFF6C7DF5B}.Debug|Any CPU.ActiveCfg = Debug|Any CPU
		{74019CE6-73A2-4F2D-9D83-51BFF6C7DF5B}.Debug|Any CPU.Build.0 = Debug|Any CPU
		{74019CE6-73A2-4F2D-9D83-51BFF6C7DF5B}.Release|Any CPU.ActiveCfg = Release|Any CPU
		{74019CE6-73A2-4F2D-9D83-51BFF6C7DF5B}.Release|Any CPU.Build.0 = Release|Any CPU
	EndGlobalSection
	GlobalSection(NestedProjects) = preSolution
		{E505FB60-593A-4BA5-8875-4BEB23837533} = {E4DA74F3-0A23-4E4C-B12E-7E8F963433BF}
		{B5D51057-514B-4C07-8760-F45693DA4D84} = {1991E73D-F995-4B58-ADCD-4885BF2538D6}
		{5CE6896C-DCEC-49FE-94BC-D64C7D3756BE} = {10B6233E-EA13-4BEC-95D5-9BF33C867F31}
		{51511743-37A4-4E77-AAE5-F66F15AC2D00} = {4366C3A0-8099-4FB8-9D96-A94C2CDDBAF8}
		{BE1B7CDB-8A78-4DDE-A4F2-3B289BBDC215} = {A631778C-A0AF-4DCD-8807-0579B1515A3B}
		{CEAC69A1-8A7E-4C2D-96C3-E7BB8C8B36B1} = {A631778C-A0AF-4DCD-8807-0579B1515A3B}
		{FD468E05-40B4-482F-B39B-F14A60066FFB} = {10B6233E-EA13-4BEC-95D5-9BF33C867F31}
		{D73A0955-25DF-4F95-B069-D187C263A496} = {10B6233E-EA13-4BEC-95D5-9BF33C867F31}
		{DF9360ED-2212-4BEC-8E76-4FACD8416A62} = {808ABAA1-0F00-4272-8261-E47B255B1FC9}
		{1A559506-ED56-4919-AB6D-C50344161538} = {808ABAA1-0F00-4272-8261-E47B255B1FC9}
		{74019CE6-73A2-4F2D-9D83-51BFF6C7DF5B} = {808ABAA1-0F00-4272-8261-E47B255B1FC9}
	EndGlobalSection
EndGlobal
