
Microsoft Visual Studio Solution File, Format Version 12.00
# Visual Studio Version 17
VisualStudioVersion = 17.0.31903.59
MinimumVisualStudioVersion = 10.0.40219.1
Project("{2150E333-8FDC-42A3-9474-1A3956D46DE8}") = "Presentation", "Presentation", "{E4DA74F3-0A23-4E4C-B12E-7E8F963433BF}"
EndProject
Project("{2150E333-8FDC-42A3-9474-1A3956D46DE8}") = "Application", "Application", "{808ABAA1-0F00-4272-8261-E47B255B1FC9}"
EndProject
Project("{2150E333-8FDC-42A3-9474-1A3956D46DE8}") = "Domain", "Domain", "{1991E73D-F995-4B58-ADCD-4885BF2538D6}"
EndProject
Project("{2150E333-8FDC-42A3-9474-1A3956D46DE8}") = "Infrastructure", "Infrastructure", "{10B6233E-EA13-4BEC-95D5-9BF33C867F31}"
EndProject
Project("{2150E333-8FDC-42A3-9474-1A3956D46DE8}") = "SharedKernel", "SharedKernel", "{4366C3A0-8099-4FB8-9D96-A94C2CDDBAF8}"
EndProject
Project("{2150E333-8FDC-42A3-9474-1A3956D46DE8}") = "tests", "tests", "{A631778C-A0AF-4DCD-8807-0579B1515A3B}"
EndProject
Project("{FAE04EC0-301F-11D3-BF4B-00C04F79EFBC}") = "AegisIdentity.Api", "src\AegisIdentity.Api\AegisIdentity.Api.csproj", "{E505FB60-593A-4BA5-8875-4BEB23837533}"
EndProject
Project("{FAE04EC0-301F-11D3-BF4B-00C04F79EFBC}") = "AegisIdentity.Application", "src\AegisIdentity.Application\AegisIdentity.Application.csproj", "{5862B96C-104D-4C8F-AF3A-96DED19D9461}"
EndProject
Project("{FAE04EC0-301F-11D3-BF4B-00C04F79EFBC}") = "AegisIdentity.Domain", "src\AegisIdentity.Domain\AegisIdentity.Domain.csproj", "{B5D51057-514B-4C07-8760-F45693DA4D84}"
EndProject
Project("{FAE04EC0-301F-11D3-BF4B-00C04F79EFBC}") = "AegisIdentity.Infrastructure", "src\AegisIdentity.Infrastructure\AegisIdentity.Infrastructure.csproj", "{5CE6896C-DCEC-49FE-94BC-D64C7D3756BE}"
EndProject
Project("{FAE04EC0-301F-11D3-BF4B-00C04F79EFBC}") = "AegisIdentity.SharedKernel", "src\SharedKernel\AegisIdentity.SharedKernel\AegisIdentity.SharedKernel.csproj", "{51511743-37A4-4E77-AAE5-F66F15AC2D00}"
EndProject
Project("{FAE04EC0-301F-11D3-BF4B-00C04F79EFBC}") = "AegisIdentity.UnitTests", "tests\AegisIdentity.UnitTests\AegisIdentity.UnitTests.csproj", "{BE1B7CDB-8A78-4DDE-A4F2-3B289BBDC215}"
EndProject
Project("{FAE04EC0-301F-11D3-BF4B-00C04F79EFBC}") = "AegisIdentity.IntegrationTests", "tests\AegisIdentity.IntegrationTests\AegisIdentity.IntegrationTests.csproj", "{CEAC69A1-8A7E-4C2D-96C3-E7BB8C8B36B1}"
EndProject
Global
	GlobalSection(SolutionConfigurationPlatforms) = preSolution
		Debug|Any CPU = Debug|Any CPU
		Release|Any CPU = Release|Any CPU
	EndGlobalSection
	GlobalSection(SolutionProperties) = preSolution
		HideSolutionNode = FALSE
	EndGlobalSection
	GlobalSection(ProjectConfigurationPlatforms) = postSolution
		{E505FB60-593A-4BA5-8875-4BEB23837533}.Debug|Any CPU.ActiveCfg = Debug|Any CPU
		{E505FB60-593A-4BA5-8875-4BEB23837533}.Debug|Any CPU.Build.0 = Debug|Any CPU
		{E505FB60-593A-4BA5-8875-4BEB23837533}.Release|Any CPU.ActiveCfg = Release|Any CPU
		{E505FB60-593A-4BA5-8875-4BEB23837533}.Release|Any CPU.Build.0 = Release|Any CPU
		{5862B96C-104D-4C8F-AF3A-96DED19D9461}.Debug|Any CPU.ActiveCfg = Debug|Any CPU
		{5862B96C-104D-4C8F-AF3A-96DED19D9461}.Debug|Any CPU.Build.0 = Debug|Any CPU
		{5862B96C-104D-4C8F-AF3A-96DED19D9461}.Release|Any CPU.ActiveCfg = Release|Any CPU
		{5862B96C-104D-4C8F-AF3A-96DED19D9461}.Release|Any CPU.Build.0 = Release|Any CPU
		{B5D51057-514B-4C07-8760-F45693DA4D84}.Debug|Any CPU.ActiveCfg = Debug|Any CPU
		{B5D51057-514B-4C07-8760-F45693DA4D84}.Debug|Any CPU.Build.0 = Debug|Any CPU
		{B5D51057-514B-4C07-8760-F45693DA4D84}.Release|Any CPU.ActiveCfg = Release|Any CPU
		{B5D51057-514B-4C07-8760-F45693DA4D84}.Release|Any CPU.Build.0 = Release|Any CPU
		{5CE6896C-DCEC-49FE-94BC-D64C7D3756BE}.Debug|Any CPU.ActiveCfg = Debug|Any CPU
		{5CE6896C-DCEC-49FE-94BC-D64C7D3756BE}.Debug|Any CPU.Build.0 = Debug|Any CPU
		{5CE6896C-DCEC-49FE-94BC-D64C7D3756BE}.Release|Any CPU.ActiveCfg = Release|Any CPU
		{5CE6896C-DCEC-49FE-94BC-D64C7D3756BE}.Release|Any CPU.Build.0 = Release|Any CPU
		{51511743-37A4-4E77-AAE5-F66F15AC2D00}.Debug|Any CPU.ActiveCfg = Debug|Any CPU
		{51511743-37A4-4E77-AAE5-F66F15AC2D00}.Debug|Any CPU.Build.0 = Debug|Any CPU
		{51511743-37A4-4E77-AAE5-F66F15AC2D00}.Release|Any CPU.ActiveCfg = Release|Any CPU
		{51511743-37A4-4E77-AAE5-F66F15AC2D00}.Release|Any CPU.Build.0 = Release|Any CPU
		{BE1B7CDB-8A78-4DDE-A4F2-3B289BBDC215}.Debug|Any CPU.ActiveCfg = Debug|Any CPU
		{BE1B7CDB-8A78-4DDE-A4F2-3B289BBDC215}.Debug|Any CPU.Build.0 = Debug|Any CPU
		{BE1B7CDB-8A78-4DDE-A4F2-3B289BBDC215}.Release|Any CPU.ActiveCfg = Release|Any CPU
		{BE1B7CDB-8A78-4DDE-A4F2-3B289BBDC215}.Release|Any CPU.Build.0 = Release|Any CPU
		{CEAC69A1-8A7E-4C2D-96C3-E7BB8C8B36B1}.Debug|Any CPU.ActiveCfg = Debug|Any CPU
		{CEAC69A1-8A7E-4C2D-96C3-E7BB8C8B36B1}.Debug|Any CPU.Build.0 = Debug|Any CPU
		{CEAC69A1-8A7E-4C2D-96C3-E7BB8C8B36B1}.Release|Any CPU.ActiveCfg = Release|Any CPU
		{CEAC69A1-8A7E-4C2D-96C3-E7BB8C8B36B1}.Release|Any CPU.Build.0 = Release|Any CPU
	EndGlobalSection
	GlobalSection(NestedProjects) = preSolution
		{E505FB60-593A-4BA5-8875-4BEB23837533} = {E4DA74F3-0A23-4E4C-B12E-7E8F963433BF}
		{5862B96C-104D-4C8F-AF3A-96DED19D9461} = {808ABAA1-0F00-4272-8261-E47B255B1FC9}
		{B5D51057-514B-4C07-8760-F45693DA4D84} = {1991E73D-F995-4B58-ADCD-4885BF2538D6}
		{5CE6896C-DCEC-49FE-94BC-D64C7D3756BE} = {10B6233E-EA13-4BEC-95D5-9BF33C867F31}
		{51511743-37A4-4E77-AAE5-F66F15AC2D00} = {4366C3A0-8099-4FB8-9D96-A94C2CDDBAF8}
		{BE1B7CDB-8A78-4DDE-A4F2-3B289BBDC215} = {A631778C-A0AF-4DCD-8807-0579B1515A3B}
		{CEAC69A1-8A7E-4C2D-96C3-E7BB8C8B36B1} = {A631778C-A0AF-4DCD-8807-0579B1515A3B}
	EndGlobalSection
EndGlobal
