
Microsoft Visual Studio Solution File, Format Version 12.00
# Visual Studio Version 17
VisualStudioVersion = 17.0.31903.59
MinimumVisualStudioVersion = 10.0.40219.1
Project("{2150E333-8FDC-42A3-9474-1A3956D46DE8}") = "Presentation", "Presentation", "{E4DA74F3-0A23-4E4C-B12E-7E8F963433BF}"
EndProject
Project("{2150E333-8FDC-42A3-9474-1A3956D46DE8}") = "Infrastructure", "Infrastructure", "{10B6233E-EA13-4BEC-95D5-9BF33C867F31}"
EndProject
Project("{2150E333-8FDC-42A3-9474-1A3956D46DE8}") = "SharedKernel", "SharedKernel", "{4366C3A0-8099-4FB8-9D96-A94C2CDDBAF8}"
EndProject
Project("{2150E333-8FDC-42A3-9474-1A3956D46DE8}") = "tests", "tests", "{A631778C-A0AF-4DCD-8807-0579B1515A3B}"
EndProject
Project("{FAE04EC0-301F-11D3-BF4B-00C04F79EFBC}") = "Lumen.Api", "src\Lumen.Api\Lumen.Api.csproj", "{E505FB60-593A-4BA5-8875-4BEB23837533}"
EndProject
Project("{FAE04EC0-301F-11D3-BF4B-00C04F79EFBC}") = "Lumen.Infrastructure", "src\Lumen.Infrastructure\Lumen.Infrastructure.csproj", "{5CE6896C-DCEC-49FE-94BC-D64C7D3756BE}"
EndProject
Project("{FAE04EC0-301F-11D3-BF4B-00C04F79EFBC}") = "Lumen.SharedKernel", "src\SharedKernel\Lumen.SharedKernel\Lumen.SharedKernel.csproj", "{51511743-37A4-4E77-AAE5-F66F15AC2D00}"
EndProject
Project("{FAE04EC0-301F-11D3-BF4B-00C04F79EFBC}") = "Lumen.UnitTests", "tests\Lumen.UnitTests\Lumen.UnitTests.csproj", "{BE1B7CDB-8A78-4DDE-A4F2-3B289BBDC215}"
EndProject
Project("{FAE04EC0-301F-11D3-BF4B-00C04F79EFBC}") = "Lumen.Backoffice", "src\Presentation\Lumen.Backoffice\Lumen.Backoffice.csproj", "{DBF5ED7E-FF81-4074-8DC8-4B92FDBC5982}"
EndProject
Project("{2150E333-8FDC-42A3-9474-1A3956D46DE8}") = "Jobs", "Jobs", "{28C5E986-C7AD-4BF2-AFEE-6CD4A2775B13}"
EndProject
Project("{FAE04EC0-301F-11D3-BF4B-00C04F79EFBC}") = "Lumen.Jobs", "src\Jobs\Lumen.Jobs\Lumen.Jobs.csproj", "{82F4C295-42A2-4DA7-885C-6CCF6DD5781B}"
EndProject
Project("{FAE04EC0-301F-11D3-BF4B-00C04F79EFBC}") = "Lumen.ArchitectureTests", "tests\Lumen.ArchitectureTests\Lumen.ArchitectureTests.csproj", "{B32BB8BF-A35C-4681-A8A9-087C71B8BF5C}"
EndProject
Project("{2150E333-8FDC-42A3-9474-1A3956D46DE8}") = "BuildingBlocks", "BuildingBlocks", "{CB0F411D-D205-49EF-B9C7-E6480653EA6E}"
EndProject
Project("{FAE04EC0-301F-11D3-BF4B-00C04F79EFBC}") = "Lumen.Modularity", "src\BuildingBlocks\Lumen.Modularity\Lumen.Modularity.csproj", "{43A3BF2B-8A80-4C90-A788-C6F39974B41D}"
EndProject
Project("{FAE04EC0-301F-11D3-BF4B-00C04F79EFBC}") = "Lumen.Modularity.UnitTests", "tests\Lumen.Modularity.UnitTests\Lumen.Modularity.UnitTests.csproj", "{692AE348-1068-43F5-B664-313EADA5920B}"
EndProject
Project("{2150E333-8FDC-42A3-9474-1A3956D46DE8}") = "Modules", "Modules", "{83367077-8D86-4261-A3B1-3759FCA0B6D0}"
EndProject
Project("{2150E333-8FDC-42A3-9474-1A3956D46DE8}") = "Audit", "Audit", "{A9FC47E7-FBE2-48CE-81E8-FD1EA2FD00DA}"
EndProject
Project("{FAE04EC0-301F-11D3-BF4B-00C04F79EFBC}") = "Lumen.Modules.Audit.Contracts", "src\Modules\Audit\Lumen.Modules.Audit.Contracts\Lumen.Modules.Audit.Contracts.csproj", "{3A91F827-0C08-4D2E-818D-3376F31CCFF0}"
EndProject
Project("{FAE04EC0-301F-11D3-BF4B-00C04F79EFBC}") = "Lumen.Modules.Audit", "src\Modules\Audit\Lumen.Modules.Audit\Lumen.Modules.Audit.csproj", "{62C83E15-124C-4FF8-B96A-1EB215745C6F}"
EndProject
Project("{FAE04EC0-301F-11D3-BF4B-00C04F79EFBC}") = "Lumen.Modules.Audit.Migrations", "src\Modules\Audit\Lumen.Modules.Audit.Migrations\Lumen.Modules.Audit.Migrations.csproj", "{0F26CCB4-4C90-462E-8317-9B34727EAE84}"
EndProject
Project("{FAE04EC0-301F-11D3-BF4B-00C04F79EFBC}") = "Lumen.Modules.Audit.Tests", "tests\Lumen.Modules.Audit.Tests\Lumen.Modules.Audit.Tests.csproj", "{4821ED5A-2DA7-40EE-897D-078DD0CB5601}"
EndProject
Project("{2150E333-8FDC-42A3-9474-1A3956D46DE8}") = "Identity", "Identity", "{D5E67B6F-F2C9-4F7E-A89C-F290357C99D9}"
EndProject
Project("{FAE04EC0-301F-11D3-BF4B-00C04F79EFBC}") = "Lumen.Modules.Identity.Contracts", "src\Modules\Identity\Lumen.Modules.Identity.Contracts\Lumen.Modules.Identity.Contracts.csproj", "{C9EDF815-07FF-4E8E-A63D-251039880CE2}"
EndProject
Project("{FAE04EC0-301F-11D3-BF4B-00C04F79EFBC}") = "Lumen.Modules.Identity", "src\Modules\Identity\Lumen.Modules.Identity\Lumen.Modules.Identity.csproj", "{88B7E3B7-474C-42C2-9B4D-A75A166FB069}"
EndProject
Project("{FAE04EC0-301F-11D3-BF4B-00C04F79EFBC}") = "Lumen.Modules.Identity.Migrations", "src\Modules\Identity\Lumen.Modules.Identity.Migrations\Lumen.Modules.Identity.Migrations.csproj", "{F419873A-6365-42D4-B4BB-481CADB2BC06}"
EndProject
Project("{FAE04EC0-301F-11D3-BF4B-00C04F79EFBC}") = "Lumen.Modules.Identity.Tests", "tests\Lumen.Modules.Identity.Tests\Lumen.Modules.Identity.Tests.csproj", "{B72B500F-B0D7-48D0-9D18-329D1FA08642}"
EndProject
Project("{FAE04EC0-301F-11D3-BF4B-00C04F79EFBC}") = "Lumen.IntegrationTests", "tests\Lumen.IntegrationTests\Lumen.IntegrationTests.csproj", "{A041D09B-733C-46A0-9AE5-D3D2246953BA}"
EndProject
Global
	GlobalSection(SolutionConfigurationPlatforms) = preSolution
		Debug|Any CPU = Debug|Any CPU
		Release|Any CPU = Release|Any CPU
	EndGlobalSection
	GlobalSection(SolutionProperties) = preSolution
		HideSolutionNode = FALSE
	EndGlobalSection
	GlobalSection(ProjectConfigurationPlatforms) = postSolution
		{E505FB60-593A-4BA5-8875-4BEB23837533}.Debug|Any CPU.ActiveCfg = Debug|Any CPU
		{E505FB60-593A-4BA5-8875-4BEB23837533}.Debug|Any CPU.Build.0 = Debug|Any CPU
		{E505FB60-593A-4BA5-8875-4BEB23837533}.Release|Any CPU.ActiveCfg = Release|Any CPU
		{E505FB60-593A-4BA5-8875-4BEB23837533}.Release|Any CPU.Build.0 = Release|Any CPU
		{5CE6896C-DCEC-49FE-94BC-D64C7D3756BE}.Debug|Any CPU.ActiveCfg = Debug|Any CPU
		{5CE6896C-DCEC-49FE-94BC-D64C7D3756BE}.Debug|Any CPU.Build.0 = Debug|Any CPU
		{5CE6896C-DCEC-49FE-94BC-D64C7D3756BE}.Release|Any CPU.ActiveCfg = Release|Any CPU
		{5CE6896C-DCEC-49FE-94BC-D64C7D3756BE}.Release|Any CPU.Build.0 = Release|Any CPU
		{51511743-37A4-4E77-AAE5-F66F15AC2D00}.Debug|Any CPU.ActiveCfg = Debug|Any CPU
		{51511743-37A4-4E77-AAE5-F66F15AC2D00}.Debug|Any CPU.Build.0 = Debug|Any CPU
		{51511743-37A4-4E77-AAE5-F66F15AC2D00}.Release|Any CPU.ActiveCfg = Release|Any CPU
		{51511743-37A4-4E77-AAE5-F66F15AC2D00}.Release|Any CPU.Build.0 = Release|Any CPU
		{BE1B7CDB-8A78-4DDE-A4F2-3B289BBDC215}.Debug|Any CPU.ActiveCfg = Debug|Any CPU
		{BE1B7CDB-8A78-4DDE-A4F2-3B289BBDC215}.Debug|Any CPU.Build.0 = Debug|Any CPU
		{BE1B7CDB-8A78-4DDE-A4F2-3B289BBDC215}.Release|Any CPU.ActiveCfg = Release|Any CPU
		{BE1B7CDB-8A78-4DDE-A4F2-3B289BBDC215}.Release|Any CPU.Build.0 = Release|Any CPU
		{DBF5ED7E-FF81-4074-8DC8-4B92FDBC5982}.Debug|Any CPU.ActiveCfg = Debug|Any CPU
		{DBF5ED7E-FF81-4074-8DC8-4B92FDBC5982}.Debug|Any CPU.Build.0 = Debug|Any CPU
		{DBF5ED7E-FF81-4074-8DC8-4B92FDBC5982}.Release|Any CPU.ActiveCfg = Release|Any CPU
		{DBF5ED7E-FF81-4074-8DC8-4B92FDBC5982}.Release|Any CPU.Build.0 = Release|Any CPU
		{82F4C295-42A2-4DA7-885C-6CCF6DD5781B}.Debug|Any CPU.ActiveCfg = Debug|Any CPU
		{82F4C295-42A2-4DA7-885C-6CCF6DD5781B}.Debug|Any CPU.Build.0 = Debug|Any CPU
		{82F4C295-42A2-4DA7-885C-6CCF6DD5781B}.Release|Any CPU.ActiveCfg = Release|Any CPU
		{82F4C295-42A2-4DA7-885C-6CCF6DD5781B}.Release|Any CPU.Build.0 = Release|Any CPU
		{B32BB8BF-A35C-4681-A8A9-087C71B8BF5C}.Debug|Any CPU.ActiveCfg = Debug|Any CPU
		{B32BB8BF-A35C-4681-A8A9-087C71B8BF5C}.Debug|Any CPU.Build.0 = Debug|Any CPU
		{B32BB8BF-A35C-4681-A8A9-087C71B8BF5C}.Release|Any CPU.ActiveCfg = Release|Any CPU
		{B32BB8BF-A35C-4681-A8A9-087C71B8BF5C}.Release|Any CPU.Build.0 = Release|Any CPU
		{43A3BF2B-8A80-4C90-A788-C6F39974B41D}.Debug|Any CPU.ActiveCfg = Debug|Any CPU
		{43A3BF2B-8A80-4C90-A788-C6F39974B41D}.Debug|Any CPU.Build.0 = Debug|Any CPU
		{43A3BF2B-8A80-4C90-A788-C6F39974B41D}.Release|Any CPU.ActiveCfg = Release|Any CPU
		{43A3BF2B-8A80-4C90-A788-C6F39974B41D}.Release|Any CPU.Build.0 = Release|Any CPU
		{692AE348-1068-43F5-B664-313EADA5920B}.Debug|Any CPU.ActiveCfg = Debug|Any CPU
		{692AE348-1068-43F5-B664-313EADA5920B}.Debug|Any CPU.Build.0 = Debug|Any CPU
		{692AE348-1068-43F5-B664-313EADA5920B}.Release|Any CPU.ActiveCfg = Release|Any CPU
		{692AE348-1068-43F5-B664-313EADA5920B}.Release|Any CPU.Build.0 = Release|Any CPU
		{3A91F827-0C08-4D2E-818D-3376F31CCFF0}.Debug|Any CPU.ActiveCfg = Debug|Any CPU
		{3A91F827-0C08-4D2E-818D-3376F31CCFF0}.Debug|Any CPU.Build.0 = Debug|Any CPU
		{3A91F827-0C08-4D2E-818D-3376F31CCFF0}.Release|Any CPU.ActiveCfg = Release|Any CPU
		{3A91F827-0C08-4D2E-818D-3376F31CCFF0}.Release|Any CPU.Build.0 = Release|Any CPU
		{62C83E15-124C-4FF8-B96A-1EB215745C6F}.Debug|Any CPU.ActiveCfg = Debug|Any CPU
		{62C83E15-124C-4FF8-B96A-1EB215745C6F}.Debug|Any CPU.Build.0 = Debug|Any CPU
		{62C83E15-124C-4FF8-B96A-1EB215745C6F}.Release|Any CPU.ActiveCfg = Release|Any CPU
		{62C83E15-124C-4FF8-B96A-1EB215745C6F}.Release|Any CPU.Build.0 = Release|Any CPU
		{0F26CCB4-4C90-462E-8317-9B34727EAE84}.Debug|Any CPU.ActiveCfg = Debug|Any CPU
		{0F26CCB4-4C90-462E-8317-9B34727EAE84}.Debug|Any CPU.Build.0 = Debug|Any CPU
		{0F26CCB4-4C90-462E-8317-9B34727EAE84}.Release|Any CPU.ActiveCfg = Release|Any CPU
		{0F26CCB4-4C90-462E-8317-9B34727EAE84}.Release|Any CPU.Build.0 = Release|Any CPU
		{4821ED5A-2DA7-40EE-897D-078DD0CB5601}.Debug|Any CPU.ActiveCfg = Debug|Any CPU
		{4821ED5A-2DA7-40EE-897D-078DD0CB5601}.Debug|Any CPU.Build.0 = Debug|Any CPU
		{4821ED5A-2DA7-40EE-897D-078DD0CB5601}.Release|Any CPU.ActiveCfg = Release|Any CPU
		{4821ED5A-2DA7-40EE-897D-078DD0CB5601}.Release|Any CPU.Build.0 = Release|Any CPU
		{C9EDF815-07FF-4E8E-A63D-251039880CE2}.Debug|Any CPU.ActiveCfg = Debug|Any CPU
		{C9EDF815-07FF-4E8E-A63D-251039880CE2}.Debug|Any CPU.Build.0 = Debug|Any CPU
		{C9EDF815-07FF-4E8E-A63D-251039880CE2}.Release|Any CPU.ActiveCfg = Release|Any CPU
		{C9EDF815-07FF-4E8E-A63D-251039880CE2}.Release|Any CPU.Build.0 = Release|Any CPU
		{88B7E3B7-474C-42C2-9B4D-A75A166FB069}.Debug|Any CPU.ActiveCfg = Debug|Any CPU
		{88B7E3B7-474C-42C2-9B4D-A75A166FB069}.Debug|Any CPU.Build.0 = Debug|Any CPU
		{88B7E3B7-474C-42C2-9B4D-A75A166FB069}.Release|Any CPU.ActiveCfg = Release|Any CPU
		{88B7E3B7-474C-42C2-9B4D-A75A166FB069}.Release|Any CPU.Build.0 = Release|Any CPU
		{F419873A-6365-42D4-B4BB-481CADB2BC06}.Debug|Any CPU.ActiveCfg = Debug|Any CPU
		{F419873A-6365-42D4-B4BB-481CADB2BC06}.Debug|Any CPU.Build.0 = Debug|Any CPU
		{F419873A-6365-42D4-B4BB-481CADB2BC06}.Release|Any CPU.ActiveCfg = Release|Any CPU
		{F419873A-6365-42D4-B4BB-481CADB2BC06}.Release|Any CPU.Build.0 = Release|Any CPU
		{B72B500F-B0D7-48D0-9D18-329D1FA08642}.Debug|Any CPU.ActiveCfg = Debug|Any CPU
		{B72B500F-B0D7-48D0-9D18-329D1FA08642}.Debug|Any CPU.Build.0 = Debug|Any CPU
		{B72B500F-B0D7-48D0-9D18-329D1FA08642}.Release|Any CPU.ActiveCfg = Release|Any CPU
		{B72B500F-B0D7-48D0-9D18-329D1FA08642}.Release|Any CPU.Build.0 = Release|Any CPU
		{A041D09B-733C-46A0-9AE5-D3D2246953BA}.Debug|Any CPU.ActiveCfg = Debug|Any CPU
		{A041D09B-733C-46A0-9AE5-D3D2246953BA}.Debug|Any CPU.Build.0 = Debug|Any CPU
		{A041D09B-733C-46A0-9AE5-D3D2246953BA}.Release|Any CPU.ActiveCfg = Release|Any CPU
		{A041D09B-733C-46A0-9AE5-D3D2246953BA}.Release|Any CPU.Build.0 = Release|Any CPU
	EndGlobalSection
	GlobalSection(NestedProjects) = preSolution
		{E505FB60-593A-4BA5-8875-4BEB23837533} = {E4DA74F3-0A23-4E4C-B12E-7E8F963433BF}
		{5CE6896C-DCEC-49FE-94BC-D64C7D3756BE} = {10B6233E-EA13-4BEC-95D5-9BF33C867F31}
		{51511743-37A4-4E77-AAE5-F66F15AC2D00} = {4366C3A0-8099-4FB8-9D96-A94C2CDDBAF8}
		{BE1B7CDB-8A78-4DDE-A4F2-3B289BBDC215} = {A631778C-A0AF-4DCD-8807-0579B1515A3B}
		{DBF5ED7E-FF81-4074-8DC8-4B92FDBC5982} = {E4DA74F3-0A23-4E4C-B12E-7E8F963433BF}
		{82F4C295-42A2-4DA7-885C-6CCF6DD5781B} = {28C5E986-C7AD-4BF2-AFEE-6CD4A2775B13}
		{B32BB8BF-A35C-4681-A8A9-087C71B8BF5C} = {A631778C-A0AF-4DCD-8807-0579B1515A3B}
		{43A3BF2B-8A80-4C90-A788-C6F39974B41D} = {CB0F411D-D205-49EF-B9C7-E6480653EA6E}
		{692AE348-1068-43F5-B664-313EADA5920B} = {A631778C-A0AF-4DCD-8807-0579B1515A3B}
		{A9FC47E7-FBE2-48CE-81E8-FD1EA2FD00DA} = {83367077-8D86-4261-A3B1-3759FCA0B6D0}
		{3A91F827-0C08-4D2E-818D-3376F31CCFF0} = {A9FC47E7-FBE2-48CE-81E8-FD1EA2FD00DA}
		{62C83E15-124C-4FF8-B96A-1EB215745C6F} = {A9FC47E7-FBE2-48CE-81E8-FD1EA2FD00DA}
		{0F26CCB4-4C90-462E-8317-9B34727EAE84} = {A9FC47E7-FBE2-48CE-81E8-FD1EA2FD00DA}
		{4821ED5A-2DA7-40EE-897D-078DD0CB5601} = {A631778C-A0AF-4DCD-8807-0579B1515A3B}
		{D5E67B6F-F2C9-4F7E-A89C-F290357C99D9} = {83367077-8D86-4261-A3B1-3759FCA0B6D0}
		{C9EDF815-07FF-4E8E-A63D-251039880CE2} = {D5E67B6F-F2C9-4F7E-A89C-F290357C99D9}
		{88B7E3B7-474C-42C2-9B4D-A75A166FB069} = {D5E67B6F-F2C9-4F7E-A89C-F290357C99D9}
		{F419873A-6365-42D4-B4BB-481CADB2BC06} = {D5E67B6F-F2C9-4F7E-A89C-F290357C99D9}
		{B72B500F-B0D7-48D0-9D18-329D1FA08642} = {A631778C-A0AF-4DCD-8807-0579B1515A3B}
		{A041D09B-733C-46A0-9AE5-D3D2246953BA} = {A631778C-A0AF-4DCD-8807-0579B1515A3B}
	EndGlobalSection
EndGlobal
