
Microsoft Visual Studio Solution File, Format Version 12.00
# Visual Studio Version 17
VisualStudioVersion = 17.0.31903.59
MinimumVisualStudioVersion = 10.0.40219.1
Project("{FAE04EC0-301F-11D3-BF4B-00C04F79EFBC}") = "AegisIdentity.Domain", "..\AegisIdentity.Domain\AegisIdentity.Domain.csproj", "{587F4D3F-08CC-499D-B543-4CF1B0E3FB22}"
EndProject
Global
	GlobalSection(SolutionConfigurationPlatforms) = preSolution
		Debug|Any CPU = Debug|Any CPU
		Release|Any CPU = Release|Any CPU
	EndGlobalSection
	GlobalSection(SolutionProperties) = preSolution
		HideSolutionNode = FALSE
	EndGlobalSection
	GlobalSection(ProjectConfigurationPlatforms) = postSolution
		{587F4D3F-08CC-499D-B543-4CF1B0E3FB22}.Debug|Any CPU.ActiveCfg = Debug|Any CPU
		{587F4D3F-08CC-499D-B543-4CF1B0E3FB22}.Debug|Any CPU.Build.0 = Debug|Any CPU
		{587F4D3F-08CC-499D-B543-4CF1B0E3FB22}.Release|Any CPU.ActiveCfg = Release|Any CPU
		{587F4D3F-08CC-499D-B543-4CF1B0E3FB22}.Release|Any CPU.Build.0 = Release|Any CPU
	EndGlobalSection
EndGlobal
