
Microsoft Visual Studio Solution File, Format Version 12.00
# Visual Studio Version 17
VisualStudioVersion = 17.0.31903.59
MinimumVisualStudioVersion = 10.0.40219.1
Project("{FAE04EC0-301F-11D3-BF4B-00C04F79EFBC}") = "Lumen.Migrations", "Lumen.Migrations\Lumen.Migrations.csproj", "{1F3DB79B-C64D-44BE-8E30-0D6E9F3D08CA}"
EndProject
Project("{FAE04EC0-301F-11D3-BF4B-00C04F79EFBC}") = "Lumen.Migrations.Cli", "Lumen.Migrations.Cli\Lumen.Migrations.Cli.csproj", "{62738E15-ADC4-4F08-A632-F53F11264779}"
EndProject
Global
	GlobalSection(SolutionConfigurationPlatforms) = preSolution
		Debug|Any CPU = Debug|Any CPU
		Release|Any CPU = Release|Any CPU
	EndGlobalSection
	GlobalSection(SolutionProperties) = preSolution
		HideSolutionNode = FALSE
	EndGlobalSection
	GlobalSection(ProjectConfigurationPlatforms) = postSolution
		{1F3DB79B-C64D-44BE-8E30-0D6E9F3D08CA}.Debug|Any CPU.ActiveCfg = Debug|Any CPU
		{1F3DB79B-C64D-44BE-8E30-0D6E9F3D08CA}.Debug|Any CPU.Build.0 = Debug|Any CPU
		{1F3DB79B-C64D-44BE-8E30-0D6E9F3D08CA}.Release|Any CPU.ActiveCfg = Release|Any CPU
		{1F3DB79B-C64D-44BE-8E30-0D6E9F3D08CA}.Release|Any CPU.Build.0 = Release|Any CPU
		{62738E15-ADC4-4F08-A632-F53F11264779}.Debug|Any CPU.ActiveCfg = Debug|Any CPU
		{62738E15-ADC4-4F08-A632-F53F11264779}.Debug|Any CPU.Build.0 = Debug|Any CPU
		{62738E15-ADC4-4F08-A632-F53F11264779}.Release|Any CPU.ActiveCfg = Release|Any CPU
		{62738E15-ADC4-4F08-A632-F53F11264779}.Release|Any CPU.Build.0 = Release|Any CPU
	EndGlobalSection
EndGlobal
